{
  "name": "@lernetz/request",
  "version": "1.0.0",
  "lockfileVersion": 2,
  "requires": true,
  "packages": {
    "": {
      "name": "@lernetz/request",
      "version": "1.0.0",
      "license": "ISC",
      "dependencies": {
        "@lernetz/common": "^1.0.0",
        "slate": "^0.87.0"
      }
    },
    "node_modules/@lernetz/common": {
      "version": "1.0.0",
      "resolved": "https://npm.lernetz.ch/@lernetz%2fcommon/-/common-1.0.0.tgz",
      "integrity": "sha512-xFwUjVblk8rjMVF68Pv2WEL75av2snG1P3PyJF7giPtm0x+1kYAZZ6BKD9ZHcA8fPn+yn/w8CJNiwSRCXtrArg=="
    },
    "node_modules/immer": {
      "version": "9.0.16",
      "resolved": "https://registry.npmjs.org/immer/-/immer-9.0.16.tgz",
      "integrity": "sha512-qenGE7CstVm1NrHQbMh8YaSzTZTFNP3zPqr3YU0S0UY441j4bJTg4A2Hh5KAhwgaiU6ZZ1Ar6y/2f4TblnMReQ==",
      "funding": {
        "type": "opencollective",
        "url": "https://opencollective.com/immer"
      }
    },
    "node_modules/is-plain-object": {
      "version": "5.0.0",
      "resolved": "https://registry.npmjs.org/is-plain-object/-/is-plain-object-5.0.0.tgz",
      "integrity": "sha512-VRSzKkbMm5jMDoKLbltAkFQ5Qr7VDiTFGXxYFXXowVj387GeGNOCsOH6Msy00SGZ3Fp84b1Naa1psqgcCIEP5Q==",
      "engines": {
        "node": ">=0.10.0"
      }
    },
    "node_modules/slate": {
      "version": "0.87.0",
      "resolved": "https://registry.npmjs.org/slate/-/slate-0.87.0.tgz",
      "integrity": "sha512-m+IWERpdtb7Zna09MxHlUYIAoo4WVdxp2fSf7c+jSV9pDmJ4QvUTuHghX/TVrxtr+8BKGhyQCWIerZt32B1Ysg==",
      "dependencies": {
        "immer": "^9.0.6",
        "is-plain-object": "^5.0.0",
        "tiny-warning": "^1.0.3"
      }
    },
    "node_modules/tiny-warning": {
      "version": "1.0.3",
      "resolved": "https://registry.npmjs.org/tiny-warning/-/tiny-warning-1.0.3.tgz",
      "integrity": "sha512-lBN9zLN/oAf68o3zNXYrdCt1kP8WsiGW8Oo2ka41b2IM5JL/S1CTyX1rW0mb/zSuJun0ZUrDxx4sqvYS2FWzPA=="
    }
  },
  "dependencies": {
    "@lernetz/common": {
      "version": "1.0.0",
      "resolved": "https://npm.lernetz.ch/@lernetz%2fcommon/-/common-1.0.0.tgz",
      "integrity": "sha512-xFwUjVblk8rjMVF68Pv2WEL75av2snG1P3PyJF7giPtm0x+1kYAZZ6BKD9ZHcA8fPn+yn/w8CJNiwSRCXtrArg=="
    },
    "immer": {
      "version": "9.0.16",
      "resolved": "https://registry.npmjs.org/immer/-/immer-9.0.16.tgz",
      "integrity": "sha512-qenGE7CstVm1NrHQbMh8YaSzTZTFNP3zPqr3YU0S0UY441j4bJTg4A2Hh5KAhwgaiU6ZZ1Ar6y/2f4TblnMReQ=="
    },
    "is-plain-object": {
      "version": "5.0.0",
      "resolved": "https://registry.npmjs.org/is-plain-object/-/is-plain-object-5.0.0.tgz",
      "integrity": "sha512-VRSzKkbMm5jMDoKLbltAkFQ5Qr7VDiTFGXxYFXXowVj387GeGNOCsOH6Msy00SGZ3Fp84b1Naa1psqgcCIEP5Q=="
    },
    "slate": {
      "version": "0.87.0",
      "resolved": "https://registry.npmjs.org/slate/-/slate-0.87.0.tgz",
      "integrity": "sha512-m+IWERpdtb7Zna09MxHlUYIAoo4WVdxp2fSf7c+jSV9pDmJ4QvUTuHghX/TVrxtr+8BKGhyQCWIerZt32B1Ysg==",
      "requires": {
        "immer": "^9.0.6",
        "is-plain-object": "^5.0.0",
        "tiny-warning": "^1.0.3"
      }
    },
    "tiny-warning": {
      "version": "1.0.3",
      "resolved": "https://registry.npmjs.org/tiny-warning/-/tiny-warning-1.0.3.tgz",
      "integrity": "sha512-lBN9zLN/oAf68o3zNXYrdCt1kP8WsiGW8Oo2ka41b2IM5JL/S1CTyX1rW0mb/zSuJun0ZUrDxx4sqvYS2FWzPA=="
    }
  }
}
