{
  "name": "@lernetz/lfw",
  "version": "1.0.0",
  "lockfileVersion": 2,
  "requires": true,
  "packages": {
    "": {
      "name": "@lernetz/lfw",
      "version": "1.0.0",
      "license": "ISC",
      "workspaces": [
        "common",
        "routes"
      ]
    },
    "common": {
      "name": "@lernetz/common",
      "version": "1.0.0",
      "license": "ISC"
    },
    "node_modules/@lernetz/common": {
      "resolved": "common",
      "link": true
    },
    "node_modules/@lernetz/routes": {
      "resolved": "routes",
      "link": true
    },
    "routes": {
      "version": "1.0.0",
      "license": "ISC",
      "dependencies": {
        "@lernetz/common": "^1.0.0"
      }
    }
  },
  "dependencies": {
    "@lernetz/common": {
      "version": "file:common"
    },
    "@lernetz/routes": {
      "version": "file:routes",
      "requires": {
        "@lernetz/common": "^1.0.0"
      }
    }
  }
}
