{
  "name": "@lernetz/routes",
  "version": "1.0.0",
  "lockfileVersion": 1,
  "requires": true,
  "dependencies": {
    "@lernetz/common": {
      "version": "1.0.0",
      "resolved": "https://npm.lernetz.ch/@lernetz%2fcommon/-/common-1.0.0.tgz",
      "integrity": "sha512-xFwUjVblk8rjMVF68Pv2WEL75av2snG1P3PyJF7giPtm0x+1kYAZZ6BKD9ZHcA8fPn+yn/w8CJNiwSRCXtrArg=="
    }
  }
}
