{
  "name": "@lernetz/svelte-translate",
  "version": "1.0.0",
  "lockfileVersion": 1,
  "requires": true,
  "dependencies": {
    "svelte": {
      "version": "3.53.1",
      "resolved": "https://npm.lernetz.ch/svelte/-/svelte-3.53.1.tgz",
      "integrity": "sha512-Q4/hHkktZogGhN5iqxqSi9sjEVoe/NbIxX4hXEHoasTxj+TxEQVAq66LnDMdAZxjmsodkoI5F3slqsS68U7FNw=="
    }
  }
}
